
Microsoft Visual Studio Solution File, Format Version 12.00
# Visual Studio Version 17
VisualStudioVersion = 17.8.34408.163
MinimumVisualStudioVersion = 10.0.40219.1
Project("{FAE04EC0-301F-11D3-BF4B-00C04F79EFBC}") = "quera", "quera\quera.csproj", "{C9031EDC-54A9-464A-8C86-6A853D1B20B3}"
EndProject
Global
	GlobalSection(SolutionConfigurationPlatforms) = preSolution
		Debug|Any CPU = Debug|Any CPU
		Release|Any CPU = Release|Any CPU
	EndGlobalSection
	GlobalSection(ProjectConfigurationPlatforms) = postSolution
		{C9031EDC-54A9-464A-8C86-6A853D1B20B3}.Debug|Any CPU.ActiveCfg = Debug|Any CPU
		{C9031EDC-54A9-464A-8C86-6A853D1B20B3}.Debug|Any CPU.Build.0 = Debug|Any CPU
		{C9031EDC-54A9-464A-8C86-6A853D1B20B3}.Release|Any CPU.ActiveCfg = Release|Any CPU
		{C9031EDC-54A9-464A-8C86-6A853D1B20B3}.Release|Any CPU.Build.0 = Release|Any CPU
	EndGlobalSection
	GlobalSection(SolutionProperties) = preSolution
		HideSolutionNode = FALSE
	EndGlobalSection
	GlobalSection(ExtensibilityGlobals) = postSolution
		SolutionGuid = {84B2775C-9388-4BD7-B77D-682A291897B5}
	EndGlobalSection
EndGlobal
